hash: 11b6beafc5fdde8df6347e2843719461a794e6cf8bd7b5b0bf0b9f0875cfce3f
updated: 2021-03-18T18:17:05.167164033+01:00
imports:
- name: github.com/dgrijalva/jwt-go
  version: dc14462fd58732591c7fa58cc8496d6824316a82
- name: github.com/go-chi/chi
  version: 1e23150d1e4550c51159655cb66c22502059782e
- name: github.com/go-chi/cors
  version: f53767659fa6e690bac561756eabcfae551ac846
- name: github.com/go-sql-driver/mysql
  version: 33267428f77eb99023f936a2b9b330416053d67a
- name: github.com/jinzhu/inflection
  version: b5281034e75ed100658f8d9d0b2837f3fad4e8b3
- name: github.com/jinzhu/now
  version: e8c28ddddc015eb8c0a5781a7428cc0bc1b2a5c9
- name: github.com/joho/godotenv
  version: ddf83eb33bbb136f62617a409142b74b91dbcff3
- name: golang.org/x/crypto
  version: 513c2a44f67042677f472fb65720351c7332c3b8
  subpackages:
  - bcrypt
  - blowfish
- name: gorm.io/driver/mysql
  version: c0fdf9d2dc9b78fd81d4f6268b739b8f86d93a2c
- name: gorm.io/gorm
  version: 27bb9137d3ad1751e47ceb6e325fb5d17b0eb7aa
  subpackages:
  - callbacks
  - clause
  - logger
  - migrator
  - schema
  - utils
testImports: []
